
Microsoft Visual Studio Solution File, Format Version 12.00
# Visual Studio Version 17
VisualStudioVersion = 17.0.31903.59
MinimumVisualStudioVersion = 10.0.40219.1
Project("{9A19103F-16F7-4668-BE54-9A1E7A4F7556}") = "StockManager", "StockManager\StockManager.csproj", "{1E2E5D10-B881-47FF-B7C0-A353F6629CD6}"
EndProject
Global
	GlobalSection(SolutionConfigurationPlatforms) = preSolution
		Debug|Any CPU = Debug|Any CPU
		Release|Any CPU = Release|Any CPU
	EndGlobalSection
	GlobalSection(ProjectConfigurationPlatforms) = postSolution
		{1E2E5D10-B881-47FF-B7C0-A353F6629CD6}.Debug|Any CPU.ActiveCfg = Debug|Any CPU
		{1E2E5D10-B881-47FF-B7C0-A353F6629CD6}.Debug|Any CPU.Build.0 = Debug|Any CPU
		{1E2E5D10-B881-47FF-B7C0-A353F6629CD6}.Release|Any CPU.ActiveCfg = Release|Any CPU
		{1E2E5D10-B881-47FF-B7C0-A353F6629CD6}.Release|Any CPU.Build.0 = Release|Any CPU
	EndGlobalSection
	GlobalSection(SolutionProperties) = preSolution
		HideSolutionNode = FALSE
	EndGlobalSection
	GlobalSection(ExtensibilityGlobals) = postSolution
		SolutionGuid = {826A6D8E-7EF2-4D33-A23D-F3A3D4347B63}
	EndGlobalSection
EndGlobal
